// !$*UTF8*$!
{
	archiveVersion = 1;
	classes = {
	};
	objectVersion = 48;
	objects = {

/* Begin PBXBuildFile section */
		CF4A63841F2F216A00C2A4F9 /* AppDelegate.swift in Sources */ = {isa = PBXBuildFile; fileRef = CF4A63831F2F216A00C2A4F9 /* AppDelegate.swift */; };
		CF4A63891F2F216A00C2A4F9 /* Main.storyboard in Resources */ = {isa = PBXBuildFile; fileRef = CF4A63871F2F216A00C2A4F9 /* Main.storyboard */; };
		CF4A638B1F2F216A00C2A4F9 /* Assets.xcassets in Resources */ = {isa = PBXBuildFile; fileRef = CF4A638A1F2F216A00C2A4F9 /* Assets.xcassets */; };
		CF4A638E1F2F216A00C2A4F9 /* LaunchScreen.storyboard in Resources */ = {isa = PBXBuildFile; fileRef = CF4A638C1F2F216A00C2A4F9 /* LaunchScreen.storyboard */; };
		CF4A63971F2F25AB00C2A4F9 /* ImageViewController.swift in Sources */ = {isa = PBXBuildFile; fileRef = CF4A63961F2F25AB00C2A4F9 /* ImageViewController.swift */; };
		CF4A639B1F2F2B0E00C2A4F9 /* DemoURL.swift in Sources */ = {isa = PBXBuildFile; fileRef = CF4A639A1F2F2B0E00C2A4F9 /* DemoURL.swift */; };
		CF8AB93D1F356545004DFCCC /* CassiniViewController.swift in Sources */ = {isa = PBXBuildFile; fileRef = CF8AB93C1F356545004DFCCC /* CassiniViewController.swift */; };
/* End PBXBuildFile section */

/* Begin PBXFileReference section */
		CF4A63801F2F216A00C2A4F9 /* Cassini.app */ = {isa = PBXFileReference; explicitFileType = wrapper.application; includeInIndex = 0; path = Cassini.app; sourceTree = BUILT_PRODUCTS_DIR; };
		CF4A63831F2F216A00C2A4F9 /* AppDelegate.swift */ = {isa = PBXFileReference; lastKnownFileType = sourcecode.swift; path = AppDelegate.swift; sourceTree = "<group>"; };
		CF4A63881F2F216A00C2A4F9 /* Base */ = {isa = PBXFileReference; lastKnownFileType = file.storyboard; name = Base; path = Base.lproj/Main.storyboard; sourceTree = "<group>"; };
		CF4A638A1F2F216A00C2A4F9 /* Assets.xcassets */ = {isa = PBXFileReference; lastKnownFileType = folder.assetcatalog; path = Assets.xcassets; sourceTree = "<group>"; };
		CF4A638D1F2F216A00C2A4F9 /* Base */ = {isa = PBXFileReference; lastKnownFileType = file.storyboard; name = Base; path = Base.lproj/LaunchScreen.storyboard; sourceTree = "<group>"; };
		CF4A638F1F2F216A00C2A4F9 /* Info.plist */ = {isa = PBXFileReference; lastKnownFileType = text.plist.xml; path = Info.plist; sourceTree = "<group>"; };
		CF4A63961F2F25AB00C2A4F9 /* ImageViewController.swift */ = {isa = PBXFileReference; lastKnownFileType = sourcecode.swift; path = ImageViewController.swift; sourceTree = "<group>"; };
		CF4A639A1F2F2B0E00C2A4F9 /* DemoURL.swift */ = {isa = PBXFileReference; lastKnownFileType = sourcecode.swift; path = DemoURL.swift; sourceTree = "<group>"; };
		CF8AB93C1F356545004DFCCC /* CassiniViewController.swift */ = {isa = PBXFileReference; lastKnownFileType = sourcecode.swift; path = CassiniViewController.swift; sourceTree = "<group>"; };
/* End PBXFileReference section */

/* Begin PBXFrameworksBuildPhase section */
		CF4A637D1F2F216A00C2A4F9 /* Frameworks */ = {
			isa = PBXFrameworksBuildPhase;
			buildActionMask = 2147483647;
			files = (
			);
			runOnlyForDeploymentPostprocessing = 0;
		};
/* End PBXFrameworksBuildPhase section */

/* Begin PBXGroup section */
		CF4A63771F2F216A00C2A4F9 = {
			isa = PBXGroup;
			children = (
				CF4A63821F2F216A00C2A4F9 /* Cassini */,
				CF4A63811F2F216A00C2A4F9 /* Products */,
			);
			sourceTree = "<group>";
		};
		CF4A63811F2F216A00C2A4F9 /* Products */ = {
			isa = PBXGroup;
			children = (
				CF4A63801F2F216A00C2A4F9 /* Cassini.app */,
			);
			name = Products;
			sourceTree = "<group>";
		};
		CF4A63821F2F216A00C2A4F9 /* Cassini */ = {
			isa = PBXGroup;
			children = (
				CF4A63871F2F216A00C2A4F9 /* Main.storyboard */,
				CF8AB93C1F356545004DFCCC /* CassiniViewController.swift */,
				CF4A639A1F2F2B0E00C2A4F9 /* DemoURL.swift */,
				CF4A63961F2F25AB00C2A4F9 /* ImageViewController.swift */,
				CF4A638A1F2F216A00C2A4F9 /* Assets.xcassets */,
				CF4A638F1F2F216A00C2A4F9 /* Info.plist */,
				CF4A63951F2F217F00C2A4F9 /* Supporting Files */,
			);
			path = Cassini;
			sourceTree = "<group>";
		};
		CF4A63951F2F217F00C2A4F9 /* Supporting Files */ = {
			isa = PBXGroup;
			children = (
				CF4A63831F2F216A00C2A4F9 /* AppDelegate.swift */,
				CF4A638C1F2F216A00C2A4F9 /* LaunchScreen.storyboard */,
			);
			path = "Supporting Files";
			sourceTree = "<group>";
		};
/* End PBXGroup section */

/* Begin PBXNativeTarget section */
		CF4A637F1F2F216A00C2A4F9 /* Cassini */ = {
			isa = PBXNativeTarget;
			buildConfigurationList = CF4A63921F2F216A00C2A4F9 /* Build configuration list for PBXNativeTarget "Cassini" */;
			buildPhases = (
				CF4A637C1F2F216A00C2A4F9 /* Sources */,
				CF4A637D1F2F216A00C2A4F9 /* Frameworks */,
				CF4A637E1F2F216A00C2A4F9 /* Resources */,
			);
			buildRules = (
			);
			dependencies = (
			);
			name = Cassini;
			productName = Cassini;
			productReference = CF4A63801F2F216A00C2A4F9 /* Cassini.app */;
			productType = "com.apple.product-type.application";
		};
/* End PBXNativeTarget section */

/* Begin PBXProject section */
		CF4A63781F2F216A00C2A4F9 /* Project object */ = {
			isa = PBXProject;
			attributes = {
				LastSwiftUpdateCheck = 0900;
				LastUpgradeCheck = 0900;
				ORGANIZATIONNAME = "Pritam Sukumar";
				TargetAttributes = {
					CF4A637F1F2F216A00C2A4F9 = {
						CreatedOnToolsVersion = 9.0;
					};
				};
			};
			buildConfigurationList = CF4A637B1F2F216A00C2A4F9 /* Build configuration list for PBXProject "Cassini" */;
			compatibilityVersion = "Xcode 8.0";
			developmentRegion = en;
			hasScannedForEncodings = 0;
			knownRegions = (
				en,
				Base,
			);
			mainGroup = CF4A63771F2F216A00C2A4F9;
			productRefGroup = CF4A63811F2F216A00C2A4F9 /* Products */;
			projectDirPath = "";
			projectRoot = "";
			targets = (
				CF4A637F1F2F216A00C2A4F9 /* Cassini */,
			);
		};
/* End PBXProject section */

/* Begin PBXResourcesBuildPhase section */
		CF4A637E1F2F216A00C2A4F9 /* Resources */ = {
			isa = PBXResourcesBuildPhase;
			buildActionMask = 2147483647;
			files = (
				CF4A638E1F2F216A00C2A4F9 /* LaunchScreen.storyboard in Resources */,
				CF4A638B1F2F216A00C2A4F9 /* Assets.xcassets in Resources */,
				CF4A63891F2F216A00C2A4F9 /* Main.storyboard in Resources */,
			);
			runOnlyForDeploymentPostprocessing = 0;
		};
/* End PBXResourcesBuildPhase section */

/* Begin PBXSourcesBuildPhase section */
		CF4A637C1F2F216A00C2A4F9 /* Sources */ = {
			isa = PBXSourcesBuildPhase;
			buildActionMask = 2147483647;
			files = (
				CF4A63971F2F25AB00C2A4F9 /* ImageViewController.swift in Sources */,
				CF4A63841F2F216A00C2A4F9 /* AppDelegate.swift in Sources */,
				CF4A639B1F2F2B0E00C2A4F9 /* DemoURL.swift in Sources */,
				CF8AB93D1F356545004DFCCC /* CassiniViewController.swift in Sources */,
			);
			runOnlyForDeploymentPostprocessing = 0;
		};
/* End PBXSourcesBuildPhase section */

/* Begin PBXVariantGroup section */
		CF4A63871F2F216A00C2A4F9 /* Main.storyboard */ = {
			isa = PBXVariantGroup;
			children = (
				CF4A63881F2F216A00C2A4F9 /* Base */,
			);
			name = Main.storyboard;
			sourceTree = "<group>";
		};
		CF4A638C1F2F216A00C2A4F9 /* LaunchScreen.storyboard */ = {
			isa = PBXVariantGroup;
			children = (
				CF4A638D1F2F216A00C2A4F9 /* Base */,
			);
			name = LaunchScreen.storyboard;
			path = ..;
			sourceTree = "<group>";
		};
/* End PBXVariantGroup section */

/* Begin XCBuildConfiguration section */
		CF4A63901F2F216A00C2A4F9 /* Debug */ = {
			isa = XCBuildConfiguration;
			buildSettings = {
				ALWAYS_SEARCH_USER_PATHS = NO;
				CLANG_ANALYZER_NONNULL = YES;
				CLANG_ANALYZER_NUMBER_OBJECT_CONVERSION = YES_AGGRESSIVE;
				CLANG_CXX_LANGUAGE_STANDARD = "gnu++14";
				CLANG_CXX_LIBRARY = "libc++";
				CLANG_ENABLE_MODULES = YES;
				CLANG_ENABLE_OBJC_ARC = YES;
				CLANG_WARN_BLOCK_CAPTURE_AUTORELEASING = YES;
				CLANG_WARN_BOOL_CONVERSION = YES;
				CLANG_WARN_COMMA = YES;
				CLANG_WARN_CONSTANT_CONVERSION = YES;
				CLANG_WARN_DIRECT_OBJC_ISA_USAGE = YES_ERROR;
				CLANG_WARN_DOCUMENTATION_COMMENTS = YES;
				CLANG_WARN_EMPTY_BODY = YES;
				CLANG_WARN_ENUM_CONVERSION = YES;
				CLANG_WARN_INFINITE_RECURSION = YES;
				CLANG_WARN_INT_CONVERSION = YES;
				CLANG_WARN_NON_LITERAL_NULL_CONVERSION = YES;
				CLANG_WARN_OBJC_LITERAL_CONVERSION = YES;
				CLANG_WARN_OBJC_ROOT_CLASS = YES_ERROR;
				CLANG_WARN_RANGE_LOOP_ANALYSIS = YES;
				CLANG_WARN_STRICT_PROTOTYPES = YES;
				CLANG_WARN_SUSPICIOUS_MOVE = YES;
				CLANG_WARN_UNGUARDED_AVAILABILITY = YES_AGGRESSIVE;
				CLANG_WARN_UNREACHABLE_CODE = YES;
				CLANG_WARN__DUPLICATE_METHOD_MATCH = YES;
				CODE_SIGN_IDENTITY = "iPhone Developer";
				COPY_PHASE_STRIP = NO;
				DEBUG_INFORMATION_FORMAT = dwarf;
				ENABLE_STRICT_OBJC_MSGSEND = YES;
				ENABLE_TESTABILITY = YES;
				GCC_C_LANGUAGE_STANDARD = gnu11;
				GCC_DYNAMIC_NO_PIC = NO;
				GCC_NO_COMMON_BLOCKS = YES;
				GCC_OPTIMIZATION_LEVEL = 0;
				GCC_PREPROCESSOR_DEFINITIONS = (
					"DEBUG=1",
					"$(inherited)",
				);
				GCC_WARN_64_TO_32_BIT_CONVERSION = YES;
				GCC_WARN_ABOUT_RETURN_TYPE = YES_ERROR;
				GCC_WARN_UNDECLARED_SELECTOR = YES;
				GCC_WARN_UNINITIALIZED_AUTOS = YES_AGGRESSIVE;
				GCC_WARN_UNUSED_FUNCTION = YES;
				GCC_WARN_UNUSED_VARIABLE = YES;
				IPHONEOS_DEPLOYMENT_TARGET = 11.0;
				MTL_ENABLE_DEBUG_INFO = YES;
				ONLY_ACTIVE_ARCH = YES;
				SDKROOT = iphoneos;
				SWIFT_ACTIVE_COMPILATION_CONDITIONS = DEBUG;
				SWIFT_OPTIMIZATION_LEVEL = "-Onone";
			};
			name = Debug;
		};
		CF4A63911F2F216A00C2A4F9 /* Release */ = {
			isa = XCBuildConfiguration;
			buildSettings = {
				ALWAYS_SEARCH_USER_PATHS = NO;
				CLANG_ANALYZER_NONNULL = YES;
				CLANG_ANALYZER_NUMBER_OBJECT_CONVERSION = YES_AGGRESSIVE;
				CLANG_CXX_LANGUAGE_STANDARD = "gnu++14";
				CLANG_CXX_LIBRARY = "libc++";
				CLANG_ENABLE_MODULES = YES;
				CLANG_ENABLE_OBJC_ARC = YES;
				CLANG_WARN_BLOCK_CAPTURE_AUTORELEASING = YES;
				CLANG_WARN_BOOL_CONVERSION = YES;
				CLANG_WARN_COMMA = YES;
				CLANG_WARN_CONSTANT_CONVERSION = YES;
				CLANG_WARN_DIRECT_OBJC_ISA_USAGE = YES_ERROR;
				CLANG_WARN_DOCUMENTATION_COMMENTS = YES;
				CLANG_WARN_EMPTY_BODY = YES;
				CLANG_WARN_ENUM_CONVERSION = YES;
				CLANG_WARN_INFINITE_RECURSION = YES;
				CLANG_WARN_INT_CONVERSION = YES;
				CLANG_WARN_NON_LITERAL_NULL_CONVERSION = YES;
				CLANG_WARN_OBJC_LITERAL_CONVERSION = YES;
				CLANG_WARN_OBJC_ROOT_CLASS = YES_ERROR;
				CLANG_WARN_RANGE_LOOP_ANALYSIS = YES;
				CLANG_WARN_STRICT_PROTOTYPES = YES;
				CLANG_WARN_SUSPICIOUS_MOVE = YES;
				CLANG_WARN_UNGUARDED_AVAILABILITY = YES_AGGRESSIVE;
				CLANG_WARN_UNREACHABLE_CODE = YES;
				CLANG_WARN__DUPLICATE_METHOD_MATCH = YES;
				CODE_SIGN_IDENTITY = "iPhone Developer";
				COPY_PHASE_STRIP = NO;
				DEBUG_INFORMATION_FORMAT = "dwarf-with-dsym";
				ENABLE_NS_ASSERTIONS = NO;
				ENABLE_STRICT_OBJC_MSGSEND = YES;
				GCC_C_LANGUAGE_STANDARD = gnu11;
				GCC_NO_COMMON_BLOCKS = YES;
				GCC_WARN_64_TO_32_BIT_CONVERSION = YES;
				GCC_WARN_ABOUT_RETURN_TYPE = YES_ERROR;
				GCC_WARN_UNDECLARED_SELECTOR = YES;
				GCC_WARN_UNINITIALIZED_AUTOS = YES_AGGRESSIVE;
				GCC_WARN_UNUSED_FUNCTION = YES;
				GCC_WARN_UNUSED_VARIABLE = YES;
				IPHONEOS_DEPLOYMENT_TARGET = 11.0;
				MTL_ENABLE_DEBUG_INFO = NO;
				SDKROOT = iphoneos;
				SWIFT_OPTIMIZATION_LEVEL = "-Owholemodule";
				VALIDATE_PRODUCT = YES;
			};
			name = Release;
		};
		CF4A63931F2F216A00C2A4F9 /* Debug */ = {
			isa = XCBuildConfiguration;
			buildSettings = {
				ASSETCATALOG_COMPILER_APPICON_NAME = AppIcon;
				DEVELOPMENT_TEAM = 2LGMEBQ9UX;
				INFOPLIST_FILE = Cassini/Info.plist;
				LD_RUNPATH_SEARCH_PATHS = "$(inherited) @executable_path/Frameworks";
				PRODUCT_BUNDLE_IDENTIFIER = pps.Cassini;
				PRODUCT_NAME = "$(TARGET_NAME)";
				SWIFT_VERSION = 4.0;
				TARGETED_DEVICE_FAMILY = "1,2";
			};
			name = Debug;
		};
		CF4A63941F2F216A00C2A4F9 /* Release */ = {
			isa = XCBuildConfiguration;
			buildSettings = {
				ASSETCATALOG_COMPILER_APPICON_NAME = AppIcon;
				DEVELOPMENT_TEAM = 2LGMEBQ9UX;
				INFOPLIST_FILE = Cassini/Info.plist;
				LD_RUNPATH_SEARCH_PATHS = "$(inherited) @executable_path/Frameworks";
				PRODUCT_BUNDLE_IDENTIFIER = pps.Cassini;
				PRODUCT_NAME = "$(TARGET_NAME)";
				SWIFT_VERSION = 4.0;
				TARGETED_DEVICE_FAMILY = "1,2";
			};
			name = Release;
		};
/* End XCBuildConfiguration section */

/* Begin XCConfigurationList section */
		CF4A637B1F2F216A00C2A4F9 /* Build configuration list for PBXProject "Cassini" */ = {
			isa = XCConfigurationList;
			buildConfigurations = (
				CF4A63901F2F216A00C2A4F9 /* Debug */,
				CF4A63911F2F216A00C2A4F9 /* Release */,
			);
			defaultConfigurationIsVisible = 0;
			defaultConfigurationName = Release;
		};
		CF4A63921F2F216A00C2A4F9 /* Build configuration list for PBXNativeTarget "Cassini" */ = {
			isa = XCConfigurationList;
			buildConfigurations = (
				CF4A63931F2F216A00C2A4F9 /* Debug */,
				CF4A63941F2F216A00C2A4F9 /* Release */,
			);
			defaultConfigurationIsVisible = 0;
			defaultConfigurationName = Release;
		};
/* End XCConfigurationList section */
	};
	rootObject = CF4A63781F2F216A00C2A4F9 /* Project object */;
}
